PODS:
  - OCMock (3.2.2)
  - PebbleKit (3.1.1)
  - ZXingObjC (3.1.0):
    - ZXingObjC/All (= 3.1.0)
  - ZXingObjC/All (3.1.0)

DEPENDENCIES:
  - OCMock
  - PebbleKit
  - ZXingObjC (~> 3.0)

SPEC CHECKSUMS:
  OCMock: 18c9b7e67d4c2770e95bb77a9cc1ae0c91fe3835
  PebbleKit: 390181163256815738e467f183e7c65e16b56d25
  ZXingObjC: bf15b3814f7a105b6d99f47da2333c93a063650a

COCOAPODS: 0.39.0
